
Microsoft Visual Studio Solution File, Format Version 12.00
# Visual Studio Version 17
VisualStudioVersion = 17.14.36203.30 d17.14
MinimumVisualStudioVersion = 10.0.40219.1
Project("{FAE04EC0-301F-11D3-BF4B-00C04F79EFBC}") = "Design patterns", "Design patterns.csproj", "{64EB20F7-C41F-430B-99B6-04EB7B45ADD7}"
EndProject
Global
	GlobalSection(SolutionConfigurationPlatforms) = preSolution
		Debug|Any CPU = Debug|Any CPU
		Release|Any CPU = Release|Any CPU
	EndGlobalSection
	GlobalSection(ProjectConfigurationPlatforms) = postSolution
		{64EB20F7-C41F-430B-99B6-04EB7B45ADD7}.Debug|Any CPU.ActiveCfg = Debug|Any CPU
		{64EB20F7-C41F-430B-99B6-04EB7B45ADD7}.Debug|Any CPU.Build.0 = Debug|Any CPU
		{64EB20F7-C41F-430B-99B6-04EB7B45ADD7}.Release|Any CPU.ActiveCfg = Release|Any CPU
		{64EB20F7-C41F-430B-99B6-04EB7B45ADD7}.Release|Any CPU.Build.0 = Release|Any CPU
	EndGlobalSection
	GlobalSection(SolutionProperties) = preSolution
		HideSolutionNode = FALSE
	EndGlobalSection
	GlobalSection(ExtensibilityGlobals) = postSolution
		SolutionGuid = {A73ADDDC-422E-498E-85F3-B46D748122D7}
	EndGlobalSection
EndGlobal
